
Microsoft Visual Studio Solution File, Format Version 12.00
# Visual Studio Version 17
VisualStudioVersion = 17.3.32929.385
MinimumVisualStudioVersion = 10.0.40219.1
Project("{FAE04EC0-301F-11D3-BF4B-00C04F79EFBC}") = "02. Greater Number", "02. Greater Number\02. Greater Number.csproj", "{020464A4-1199-4DD3-A5FC-D9CAF6715F9B}"
EndProject
Global
	GlobalSection(SolutionConfigurationPlatforms) = preSolution
		Debug|Any CPU = Debug|Any CPU
		Release|Any CPU = Release|Any CPU
	EndGlobalSection
	GlobalSection(ProjectConfigurationPlatforms) = postSolution
		{020464A4-1199-4DD3-A5FC-D9CAF6715F9B}.Debug|Any CPU.ActiveCfg = Debug|Any CPU
		{020464A4-1199-4DD3-A5FC-D9CAF6715F9B}.Debug|Any CPU.Build.0 = Debug|Any CPU
		{020464A4-1199-4DD3-A5FC-D9CAF6715F9B}.Release|Any CPU.ActiveCfg = Release|Any CPU
		{020464A4-1199-4DD3-A5FC-D9CAF6715F9B}.Release|Any CPU.Build.0 = Release|Any CPU
	EndGlobalSection
	GlobalSection(SolutionProperties) = preSolution
		HideSolutionNode = FALSE
	EndGlobalSection
	GlobalSection(ExtensibilityGlobals) = postSolution
		SolutionGuid = {D967CD00-6679-49CD-85EC-9881BBB1266E}
	EndGlobalSection
EndGlobal
